// !$*UTF8*$!
{
	archiveVersion = 1;
	classes = {
	};
	objectVersion = 48;
	objects = {

/* Begin PBXBuildFile section */
		DF15F99D1FDB371B00D8C1E9 /* AppDelegate.swift in Sources */ = {isa = PBXBuildFile; fileRef = DF15F99C1FDB371B00D8C1E9 /* AppDelegate.swift */; };
		DF15F9A11FDB371B00D8C1E9 /* Assets.xcassets in Resources */ = {isa = PBXBuildFile; fileRef = DF15F9A01FDB371B00D8C1E9 /* Assets.xcassets */; };
		DF15F9A41FDB371B00D8C1E9 /* Main.storyboard in Resources */ = {isa = PBXBuildFile; fileRef = DF15F9A21FDB371B00D8C1E9 /* Main.storyboard */; };
		DF15F9B01FDB3A3400D8C1E9 /* ToolbarVC.swift in Sources */ = {isa = PBXBuildFile; fileRef = DF15F9AF1FDB3A3400D8C1E9 /* ToolbarVC.swift */; };
		DF15F9B61FDB3A6600D8C1E9 /* ChatVC.swift in Sources */ = {isa = PBXBuildFile; fileRef = DF15F9B51FDB3A6600D8C1E9 /* ChatVC.swift */; };
		DF15F9BC1FDB3AA600D8C1E9 /* ChannelVC.swift in Sources */ = {isa = PBXBuildFile; fileRef = DF15F9BB1FDB3AA600D8C1E9 /* ChannelVC.swift */; };
		DF15F9BE1FDB3BAA00D8C1E9 /* MainWindowController.swift in Sources */ = {isa = PBXBuildFile; fileRef = DF15F9BD1FDB3BAA00D8C1E9 /* MainWindowController.swift */; };
		DF15F9C11FDB3C4D00D8C1E9 /* Constants.swift in Sources */ = {isa = PBXBuildFile; fileRef = DF15F9C01FDB3C4D00D8C1E9 /* Constants.swift */; };
		DF6DA63E1FDD80F500338F7C /* ClickBlockingView.swift in Sources */ = {isa = PBXBuildFile; fileRef = DF6DA63D1FDD80F500338F7C /* ClickBlockingView.swift */; };
		DF6DA6401FDD898200338F7C /* NSButton.swift in Sources */ = {isa = PBXBuildFile; fileRef = DF6DA63F1FDD898200338F7C /* NSButton.swift */; };
		DFBC5CE71FDD9A3E0089A6DD /* ModalLogin.xib in Resources */ = {isa = PBXBuildFile; fileRef = DFBC5CE61FDD9A3E0089A6DD /* ModalLogin.xib */; };
		DFBC5CE91FDD9A820089A6DD /* ModalLogin.swift in Sources */ = {isa = PBXBuildFile; fileRef = DFBC5CE81FDD9A820089A6DD /* ModalLogin.swift */; };
		DFBC5D241FDF1B380089A6DD /* NSColor.swift in Sources */ = {isa = PBXBuildFile; fileRef = DFBC5D231FDF1B380089A6DD /* NSColor.swift */; };
/* End PBXBuildFile section */

/* Begin PBXFileReference section */
		DF15F9991FDB371B00D8C1E9 /* azChat.app */ = {isa = PBXFileReference; explicitFileType = wrapper.application; includeInIndex = 0; path = azChat.app; sourceTree = BUILT_PRODUCTS_DIR; };
		DF15F99C1FDB371B00D8C1E9 /* AppDelegate.swift */ = {isa = PBXFileReference; lastKnownFileType = sourcecode.swift; path = AppDelegate.swift; sourceTree = "<group>"; };
		DF15F9A01FDB371B00D8C1E9 /* Assets.xcassets */ = {isa = PBXFileReference; lastKnownFileType = folder.assetcatalog; path = Assets.xcassets; sourceTree = "<group>"; };
		DF15F9A31FDB371B00D8C1E9 /* Base */ = {isa = PBXFileReference; lastKnownFileType = file.storyboard; name = Base; path = Base.lproj/Main.storyboard; sourceTree = "<group>"; };
		DF15F9A51FDB371B00D8C1E9 /* Info.plist */ = {isa = PBXFileReference; lastKnownFileType = text.plist.xml; path = Info.plist; sourceTree = "<group>"; };
		DF15F9A61FDB371B00D8C1E9 /* azChat.entitlements */ = {isa = PBXFileReference; lastKnownFileType = text.plist.entitlements; path = azChat.entitlements; sourceTree = "<group>"; };
		DF15F9AF1FDB3A3400D8C1E9 /* ToolbarVC.swift */ = {isa = PBXFileReference; lastKnownFileType = sourcecode.swift; path = ToolbarVC.swift; sourceTree = "<group>"; };
		DF15F9B51FDB3A6600D8C1E9 /* ChatVC.swift */ = {isa = PBXFileReference; lastKnownFileType = sourcecode.swift; path = ChatVC.swift; sourceTree = "<group>"; };
		DF15F9BB1FDB3AA600D8C1E9 /* ChannelVC.swift */ = {isa = PBXFileReference; lastKnownFileType = sourcecode.swift; path = ChannelVC.swift; sourceTree = "<group>"; };
		DF15F9BD1FDB3BAA00D8C1E9 /* MainWindowController.swift */ = {isa = PBXFileReference; lastKnownFileType = sourcecode.swift; path = MainWindowController.swift; sourceTree = "<group>"; };
		DF15F9C01FDB3C4D00D8C1E9 /* Constants.swift */ = {isa = PBXFileReference; lastKnownFileType = sourcecode.swift; path = Constants.swift; sourceTree = "<group>"; };
		DF6DA63D1FDD80F500338F7C /* ClickBlockingView.swift */ = {isa = PBXFileReference; lastKnownFileType = sourcecode.swift; path = ClickBlockingView.swift; sourceTree = "<group>"; };
		DF6DA63F1FDD898200338F7C /* NSButton.swift */ = {isa = PBXFileReference; lastKnownFileType = sourcecode.swift; path = NSButton.swift; sourceTree = "<group>"; };
		DFBC5CE61FDD9A3E0089A6DD /* ModalLogin.xib */ = {isa = PBXFileReference; lastKnownFileType = file.xib; path = ModalLogin.xib; sourceTree = "<group>"; };
		DFBC5CE81FDD9A820089A6DD /* ModalLogin.swift */ = {isa = PBXFileReference; lastKnownFileType = sourcecode.swift; path = ModalLogin.swift; sourceTree = "<group>"; };
		DFBC5D231FDF1B380089A6DD /* NSColor.swift */ = {isa = PBXFileReference; lastKnownFileType = sourcecode.swift; path = NSColor.swift; sourceTree = "<group>"; };
/* End PBXFileReference section */

/* Begin PBXFrameworksBuildPhase section */
		DF15F9961FDB371B00D8C1E9 /* Frameworks */ = {
			isa = PBXFrameworksBuildPhase;
			buildActionMask = 2147483647;
			files = (
			);
			runOnlyForDeploymentPostprocessing = 0;
		};
/* End PBXFrameworksBuildPhase section */

/* Begin PBXGroup section */
		DF15F9901FDB371B00D8C1E9 = {
			isa = PBXGroup;
			children = (
				DF15F99B1FDB371B00D8C1E9 /* azChat */,
				DF15F99A1FDB371B00D8C1E9 /* Products */,
			);
			sourceTree = "<group>";
		};
		DF15F99A1FDB371B00D8C1E9 /* Products */ = {
			isa = PBXGroup;
			children = (
				DF15F9991FDB371B00D8C1E9 /* azChat.app */,
			);
			name = Products;
			sourceTree = "<group>";
		};
		DF15F99B1FDB371B00D8C1E9 /* azChat */ = {
			isa = PBXGroup;
			children = (
				DFBC5CE51FDD9A290089A6DD /* Xibs */,
				DF15F9AE1FDB3A0200D8C1E9 /* Model */,
				DF15F9AD1FDB39FD00D8C1E9 /* View */,
				DF15F9AC1FDB39F000D8C1E9 /* Controller */,
				DF15F9BF1FDB3C3100D8C1E9 /* Utilities */,
				DF15F99C1FDB371B00D8C1E9 /* AppDelegate.swift */,
				DF15F9A01FDB371B00D8C1E9 /* Assets.xcassets */,
				DF15F9A21FDB371B00D8C1E9 /* Main.storyboard */,
				DF15F9A51FDB371B00D8C1E9 /* Info.plist */,
				DF15F9A61FDB371B00D8C1E9 /* azChat.entitlements */,
			);
			path = azChat;
			sourceTree = "<group>";
		};
		DF15F9AC1FDB39F000D8C1E9 /* Controller */ = {
			isa = PBXGroup;
			children = (
				DF15F9AF1FDB3A3400D8C1E9 /* ToolbarVC.swift */,
				DF15F9B51FDB3A6600D8C1E9 /* ChatVC.swift */,
				DF15F9BB1FDB3AA600D8C1E9 /* ChannelVC.swift */,
				DF15F9BD1FDB3BAA00D8C1E9 /* MainWindowController.swift */,
			);
			path = Controller;
			sourceTree = "<group>";
		};
		DF15F9AD1FDB39FD00D8C1E9 /* View */ = {
			isa = PBXGroup;
			children = (
				DF6DA63D1FDD80F500338F7C /* ClickBlockingView.swift */,
				DFBC5CE81FDD9A820089A6DD /* ModalLogin.swift */,
			);
			path = View;
			sourceTree = "<group>";
		};
		DF15F9AE1FDB3A0200D8C1E9 /* Model */ = {
			isa = PBXGroup;
			children = (
			);
			path = Model;
			sourceTree = "<group>";
		};
		DF15F9BF1FDB3C3100D8C1E9 /* Utilities */ = {
			isa = PBXGroup;
			children = (
				DF15F9C01FDB3C4D00D8C1E9 /* Constants.swift */,
				DF6DA63F1FDD898200338F7C /* NSButton.swift */,
				DFBC5D231FDF1B380089A6DD /* NSColor.swift */,
			);
			path = Utilities;
			sourceTree = "<group>";
		};
		DFBC5CE51FDD9A290089A6DD /* Xibs */ = {
			isa = PBXGroup;
			children = (
				DFBC5CE61FDD9A3E0089A6DD /* ModalLogin.xib */,
			);
			path = Xibs;
			sourceTree = "<group>";
		};
/* End PBXGroup section */

/* Begin PBXNativeTarget section */
		DF15F9981FDB371B00D8C1E9 /* azChat */ = {
			isa = PBXNativeTarget;
			buildConfigurationList = DF15F9A91FDB371B00D8C1E9 /* Build configuration list for PBXNativeTarget "azChat" */;
			buildPhases = (
				DF15F9951FDB371B00D8C1E9 /* Sources */,
				DF15F9961FDB371B00D8C1E9 /* Frameworks */,
				DF15F9971FDB371B00D8C1E9 /* Resources */,
			);
			buildRules = (
			);
			dependencies = (
			);
			name = azChat;
			productName = azChat;
			productReference = DF15F9991FDB371B00D8C1E9 /* azChat.app */;
			productType = "com.apple.product-type.application";
		};
/* End PBXNativeTarget section */

/* Begin PBXProject section */
		DF15F9911FDB371B00D8C1E9 /* Project object */ = {
			isa = PBXProject;
			attributes = {
				LastSwiftUpdateCheck = 0920;
				LastUpgradeCheck = 0920;
				ORGANIZATIONNAME = "Alex Azarov";
				TargetAttributes = {
					DF15F9981FDB371B00D8C1E9 = {
						CreatedOnToolsVersion = 9.2;
						ProvisioningStyle = Automatic;
					};
				};
			};
			buildConfigurationList = DF15F9941FDB371B00D8C1E9 /* Build configuration list for PBXProject "azChat" */;
			compatibilityVersion = "Xcode 8.0";
			developmentRegion = en;
			hasScannedForEncodings = 0;
			knownRegions = (
				en,
				Base,
			);
			mainGroup = DF15F9901FDB371B00D8C1E9;
			productRefGroup = DF15F99A1FDB371B00D8C1E9 /* Products */;
			projectDirPath = "";
			projectRoot = "";
			targets = (
				DF15F9981FDB371B00D8C1E9 /* azChat */,
			);
		};
/* End PBXProject section */

/* Begin PBXResourcesBuildPhase section */
		DF15F9971FDB371B00D8C1E9 /* Resources */ = {
			isa = PBXResourcesBuildPhase;
			buildActionMask = 2147483647;
			files = (
				DF15F9A11FDB371B00D8C1E9 /* Assets.xcassets in Resources */,
				DFBC5CE71FDD9A3E0089A6DD /* ModalLogin.xib in Resources */,
				DF15F9A41FDB371B00D8C1E9 /* Main.storyboard in Resources */,
			);
			runOnlyForDeploymentPostprocessing = 0;
		};
/* End PBXResourcesBuildPhase section */

/* Begin PBXSourcesBuildPhase section */
		DF15F9951FDB371B00D8C1E9 /* Sources */ = {
			isa = PBXSourcesBuildPhase;
			buildActionMask = 2147483647;
			files = (
				DF15F9BC1FDB3AA600D8C1E9 /* ChannelVC.swift in Sources */,
				DFBC5CE91FDD9A820089A6DD /* ModalLogin.swift in Sources */,
				DF15F9B61FDB3A6600D8C1E9 /* ChatVC.swift in Sources */,
				DF15F9B01FDB3A3400D8C1E9 /* ToolbarVC.swift in Sources */,
				DF15F99D1FDB371B00D8C1E9 /* AppDelegate.swift in Sources */,
				DF6DA63E1FDD80F500338F7C /* ClickBlockingView.swift in Sources */,
				DFBC5D241FDF1B380089A6DD /* NSColor.swift in Sources */,
				DF15F9BE1FDB3BAA00D8C1E9 /* MainWindowController.swift in Sources */,
				DF6DA6401FDD898200338F7C /* NSButton.swift in Sources */,
				DF15F9C11FDB3C4D00D8C1E9 /* Constants.swift in Sources */,
			);
			runOnlyForDeploymentPostprocessing = 0;
		};
/* End PBXSourcesBuildPhase section */

/* Begin PBXVariantGroup section */
		DF15F9A21FDB371B00D8C1E9 /* Main.storyboard */ = {
			isa = PBXVariantGroup;
			children = (
				DF15F9A31FDB371B00D8C1E9 /* Base */,
			);
			name = Main.storyboard;
			sourceTree = "<group>";
		};
/* End PBXVariantGroup section */

/* Begin XCBuildConfiguration section */
		DF15F9A71FDB371B00D8C1E9 /* Debug */ = {
			isa = XCBuildConfiguration;
			buildSettings = {
				ALWAYS_SEARCH_USER_PATHS = NO;
				CLANG_ANALYZER_NONNULL = YES;
				CLANG_ANALYZER_NUMBER_OBJECT_CONVERSION = YES_AGGRESSIVE;
				CLANG_CXX_LANGUAGE_STANDARD = "gnu++14";
				CLANG_CXX_LIBRARY = "libc++";
				CLANG_ENABLE_MODULES = YES;
				CLANG_ENABLE_OBJC_ARC = YES;
				CLANG_WARN_BLOCK_CAPTURE_AUTORELEASING = YES;
				CLANG_WARN_BOOL_CONVERSION = YES;
				CLANG_WARN_COMMA = YES;
				CLANG_WARN_CONSTANT_CONVERSION = YES;
				CLANG_WARN_DIRECT_OBJC_ISA_USAGE = YES_ERROR;
				CLANG_WARN_DOCUMENTATION_COMMENTS = YES;
				CLANG_WARN_EMPTY_BODY = YES;
				CLANG_WARN_ENUM_CONVERSION = YES;
				CLANG_WARN_INFINITE_RECURSION = YES;
				CLANG_WARN_INT_CONVERSION = YES;
				CLANG_WARN_NON_LITERAL_NULL_CONVERSION = YES;
				CLANG_WARN_OBJC_LITERAL_CONVERSION = YES;
				CLANG_WARN_OBJC_ROOT_CLASS = YES_ERROR;
				CLANG_WARN_RANGE_LOOP_ANALYSIS = YES;
				CLANG_WARN_STRICT_PROTOTYPES = YES;
				CLANG_WARN_SUSPICIOUS_MOVE = YES;
				CLANG_WARN_UNGUARDED_AVAILABILITY = YES_AGGRESSIVE;
				CLANG_WARN_UNREACHABLE_CODE = YES;
				CLANG_WARN__DUPLICATE_METHOD_MATCH = YES;
				CODE_SIGN_IDENTITY = "Mac Developer";
				COPY_PHASE_STRIP = NO;
				DEBUG_INFORMATION_FORMAT = dwarf;
				ENABLE_STRICT_OBJC_MSGSEND = YES;
				ENABLE_TESTABILITY = YES;
				GCC_C_LANGUAGE_STANDARD = gnu11;
				GCC_DYNAMIC_NO_PIC = NO;
				GCC_NO_COMMON_BLOCKS = YES;
				GCC_OPTIMIZATION_LEVEL = 0;
				GCC_PREPROCESSOR_DEFINITIONS = (
					"DEBUG=1",
					"$(inherited)",
				);
				GCC_WARN_64_TO_32_BIT_CONVERSION = YES;
				GCC_WARN_ABOUT_RETURN_TYPE = YES_ERROR;
				GCC_WARN_UNDECLARED_SELECTOR = YES;
				GCC_WARN_UNINITIALIZED_AUTOS = YES_AGGRESSIVE;
				GCC_WARN_UNUSED_FUNCTION = YES;
				GCC_WARN_UNUSED_VARIABLE = YES;
				MACOSX_DEPLOYMENT_TARGET = 10.13;
				MTL_ENABLE_DEBUG_INFO = YES;
				ONLY_ACTIVE_ARCH = YES;
				SDKROOT = macosx;
				SWIFT_ACTIVE_COMPILATION_CONDITIONS = DEBUG;
				SWIFT_OPTIMIZATION_LEVEL = "-Onone";
			};
			name = Debug;
		};
		DF15F9A81FDB371B00D8C1E9 /* Release */ = {
			isa = XCBuildConfiguration;
			buildSettings = {
				ALWAYS_SEARCH_USER_PATHS = NO;
				CLANG_ANALYZER_NONNULL = YES;
				CLANG_ANALYZER_NUMBER_OBJECT_CONVERSION = YES_AGGRESSIVE;
				CLANG_CXX_LANGUAGE_STANDARD = "gnu++14";
				CLANG_CXX_LIBRARY = "libc++";
				CLANG_ENABLE_MODULES = YES;
				CLANG_ENABLE_OBJC_ARC = YES;
				CLANG_WARN_BLOCK_CAPTURE_AUTORELEASING = YES;
				CLANG_WARN_BOOL_CONVERSION = YES;
				CLANG_WARN_COMMA = YES;
				CLANG_WARN_CONSTANT_CONVERSION = YES;
				CLANG_WARN_DIRECT_OBJC_ISA_USAGE = YES_ERROR;
				CLANG_WARN_DOCUMENTATION_COMMENTS = YES;
				CLANG_WARN_EMPTY_BODY = YES;
				CLANG_WARN_ENUM_CONVERSION = YES;
				CLANG_WARN_INFINITE_RECURSION = YES;
				CLANG_WARN_INT_CONVERSION = YES;
				CLANG_WARN_NON_LITERAL_NULL_CONVERSION = YES;
				CLANG_WARN_OBJC_LITERAL_CONVERSION = YES;
				CLANG_WARN_OBJC_ROOT_CLASS = YES_ERROR;
				CLANG_WARN_RANGE_LOOP_ANALYSIS = YES;
				CLANG_WARN_STRICT_PROTOTYPES = YES;
				CLANG_WARN_SUSPICIOUS_MOVE = YES;
				CLANG_WARN_UNGUARDED_AVAILABILITY = YES_AGGRESSIVE;
				CLANG_WARN_UNREACHABLE_CODE = YES;
				CLANG_WARN__DUPLICATE_METHOD_MATCH = YES;
				CODE_SIGN_IDENTITY = "Mac Developer";
				COPY_PHASE_STRIP = NO;
				DEBUG_INFORMATION_FORMAT = "dwarf-with-dsym";
				ENABLE_NS_ASSERTIONS = NO;
				ENABLE_STRICT_OBJC_MSGSEND = YES;
				GCC_C_LANGUAGE_STANDARD = gnu11;
				GCC_NO_COMMON_BLOCKS = YES;
				GCC_WARN_64_TO_32_BIT_CONVERSION = YES;
				GCC_WARN_ABOUT_RETURN_TYPE = YES_ERROR;
				GCC_WARN_UNDECLARED_SELECTOR = YES;
				GCC_WARN_UNINITIALIZED_AUTOS = YES_AGGRESSIVE;
				GCC_WARN_UNUSED_FUNCTION = YES;
				GCC_WARN_UNUSED_VARIABLE = YES;
				MACOSX_DEPLOYMENT_TARGET = 10.13;
				MTL_ENABLE_DEBUG_INFO = NO;
				SDKROOT = macosx;
				SWIFT_OPTIMIZATION_LEVEL = "-Owholemodule";
			};
			name = Release;
		};
		DF15F9AA1FDB371B00D8C1E9 /* Debug */ = {
			isa = XCBuildConfiguration;
			buildSettings = {
				ASSETCATALOG_COMPILER_APPICON_NAME = AppIcon;
				CODE_SIGN_ENTITLEMENTS = azChat/azChat.entitlements;
				CODE_SIGN_STYLE = Automatic;
				COMBINE_HIDPI_IMAGES = YES;
				DEVELOPMENT_TEAM = CLALR9F4Q5;
				INFOPLIST_FILE = azChat/Info.plist;
				LD_RUNPATH_SEARCH_PATHS = "$(inherited) @executable_path/../Frameworks";
				PRODUCT_BUNDLE_IDENTIFIER = by.azarov.azChat;
				PRODUCT_NAME = "$(TARGET_NAME)";
				SWIFT_VERSION = 4.0;
			};
			name = Debug;
		};
		DF15F9AB1FDB371B00D8C1E9 /* Release */ = {
			isa = XCBuildConfiguration;
			buildSettings = {
				ASSETCATALOG_COMPILER_APPICON_NAME = AppIcon;
				CODE_SIGN_ENTITLEMENTS = azChat/azChat.entitlements;
				CODE_SIGN_STYLE = Automatic;
				COMBINE_HIDPI_IMAGES = YES;
				DEVELOPMENT_TEAM = CLALR9F4Q5;
				INFOPLIST_FILE = azChat/Info.plist;
				LD_RUNPATH_SEARCH_PATHS = "$(inherited) @executable_path/../Frameworks";
				PRODUCT_BUNDLE_IDENTIFIER = by.azarov.azChat;
				PRODUCT_NAME = "$(TARGET_NAME)";
				SWIFT_VERSION = 4.0;
			};
			name = Release;
		};
/* End XCBuildConfiguration section */

/* Begin XCConfigurationList section */
		DF15F9941FDB371B00D8C1E9 /* Build configuration list for PBXProject "azChat" */ = {
			isa = XCConfigurationList;
			buildConfigurations = (
				DF15F9A71FDB371B00D8C1E9 /* Debug */,
				DF15F9A81FDB371B00D8C1E9 /* Release */,
			);
			defaultConfigurationIsVisible = 0;
			defaultConfigurationName = Release;
		};
		DF15F9A91FDB371B00D8C1E9 /* Build configuration list for PBXNativeTarget "azChat" */ = {
			isa = XCConfigurationList;
			buildConfigurations = (
				DF15F9AA1FDB371B00D8C1E9 /* Debug */,
				DF15F9AB1FDB371B00D8C1E9 /* Release */,
			);
			defaultConfigurationIsVisible = 0;
			defaultConfigurationName = Release;
		};
/* End XCConfigurationList section */
	};
	rootObject = DF15F9911FDB371B00D8C1E9 /* Project object */;
}
